
Microsoft Visual Studio Solution File, Format Version 12.00
# Visual Studio Version 17
VisualStudioVersion = 17.3.32901.215
MinimumVisualStudioVersion = 10.0.40219.1
Project("{FAE04EC0-301F-11D3-BF4B-00C04F79EFBC}") = "csharp-biblioteca", "csharp-biblioteca.csproj", "{D406E37C-18D5-47B8-9F29-D3BB41C46761}"
EndProject
Global
	GlobalSection(SolutionConfigurationPlatforms) = preSolution
		Debug|Any CPU = Debug|Any CPU
		Release|Any CPU = Release|Any CPU
	EndGlobalSection
	GlobalSection(ProjectConfigurationPlatforms) = postSolution
		{D406E37C-18D5-47B8-9F29-D3BB41C46761}.Debug|Any CPU.ActiveCfg = Debug|Any CPU
		{D406E37C-18D5-47B8-9F29-D3BB41C46761}.Debug|Any CPU.Build.0 = Debug|Any CPU
		{D406E37C-18D5-47B8-9F29-D3BB41C46761}.Release|Any CPU.ActiveCfg = Release|Any CPU
		{D406E37C-18D5-47B8-9F29-D3BB41C46761}.Release|Any CPU.Build.0 = Release|Any CPU
	EndGlobalSection
	GlobalSection(SolutionProperties) = preSolution
		HideSolutionNode = FALSE
	EndGlobalSection
	GlobalSection(ExtensibilityGlobals) = postSolution
		SolutionGuid = {A4B84F0D-F051-4C17-8795-D954E17AE909}
	EndGlobalSection
EndGlobal
